
Microsoft Visual Studio Solution File, Format Version 12.00
# Visual Studio Version 16
VisualStudioVersion = 16.0.29215.179
MinimumVisualStudioVersion = 10.0.40219.1
Project("{FAE04EC0-301F-11D3-BF4B-00C04F79EFBC}") = "Skurdahl_INF651_Week01", "Skurdahl_INF651_Week01\Skurdahl_INF651_Week01.csproj", "{0B5D8A20-DB0B-4C32-A8C8-2452133C563D}"
EndProject
Global
	GlobalSection(SolutionConfigurationPlatforms) = preSolution
		Debug|Any CPU = Debug|Any CPU
		Release|Any CPU = Release|Any CPU
	EndGlobalSection
	GlobalSection(ProjectConfigurationPlatforms) = postSolution
		{0B5D8A20-DB0B-4C32-A8C8-2452133C563D}.Debug|Any CPU.ActiveCfg = Debug|Any CPU
		{0B5D8A20-DB0B-4C32-A8C8-2452133C563D}.Debug|Any CPU.Build.0 = Debug|Any CPU
		{0B5D8A20-DB0B-4C32-A8C8-2452133C563D}.Release|Any CPU.ActiveCfg = Release|Any CPU
		{0B5D8A20-DB0B-4C32-A8C8-2452133C563D}.Release|Any CPU.Build.0 = Release|Any CPU
	EndGlobalSection
	GlobalSection(SolutionProperties) = preSolution
		HideSolutionNode = FALSE
	EndGlobalSection
	GlobalSection(ExtensibilityGlobals) = postSolution
		SolutionGuid = {A87A8926-8349-4DCA-BD14-68904F829777}
	EndGlobalSection
EndGlobal
